
Microsoft Visual Studio Solution File, Format Version 12.00
# Visual Studio Version 17
VisualStudioVersion = 17.6.33815.320
MinimumVisualStudioVersion = 10.0.40219.1
Project("{FAE04EC0-301F-11D3-BF4B-00C04F79EFBC}") = "Identity.Host", "Identity.Host\Identity.Host.csproj", "{AC1CC3A7-9936-41CC-BEE2-17712072144E}"
EndProject
Project("{FAE04EC0-301F-11D3-BF4B-00C04F79EFBC}") = "Identity.Tests", "Identity.Tests\Identity.Tests.csproj", "{D09F8CEF-AA6F-4335-A418-2ED730A9C1D3}"
EndProject
Project("{FAE04EC0-301F-11D3-BF4B-00C04F79EFBC}") = "Identity.Application", "Identity.Application\Identity.Application.csproj", "{5763A624-4FEF-4CAC-91E2-AFA2D1097CF0}"
EndProject
Project("{FAE04EC0-301F-11D3-BF4B-00C04F79EFBC}") = "Identity.Domain", "Identity.Domain\Identity.Domain.csproj", "{A4E077B3-34FD-47CF-B4D4-1A13B0D40E57}"
EndProject
Project("{FAE04EC0-301F-11D3-BF4B-00C04F79EFBC}") = "Identity.Infrastructure", "Identity.Infrastructure\Identity.Infrastructure.csproj", "{7C0D08CF-0E97-4A64-9E5B-68225FC91B42}"
EndProject
Global
	GlobalSection(SolutionConfigurationPlatforms) = preSolution
		Debug|Any CPU = Debug|Any CPU
		Release|Any CPU = Release|Any CPU
	EndGlobalSection
	GlobalSection(ProjectConfigurationPlatforms) = postSolution
		{AC1CC3A7-9936-41CC-BEE2-17712072144E}.Debug|Any CPU.ActiveCfg = Debug|Any CPU
		{AC1CC3A7-9936-41CC-BEE2-17712072144E}.Debug|Any CPU.Build.0 = Debug|Any CPU
		{AC1CC3A7-9936-41CC-BEE2-17712072144E}.Release|Any CPU.ActiveCfg = Release|Any CPU
		{AC1CC3A7-9936-41CC-BEE2-17712072144E}.Release|Any CPU.Build.0 = Release|Any CPU
		{D09F8CEF-AA6F-4335-A418-2ED730A9C1D3}.Debug|Any CPU.ActiveCfg = Debug|Any CPU
		{D09F8CEF-AA6F-4335-A418-2ED730A9C1D3}.Debug|Any CPU.Build.0 = Debug|Any CPU
		{D09F8CEF-AA6F-4335-A418-2ED730A9C1D3}.Release|Any CPU.ActiveCfg = Release|Any CPU
		{D09F8CEF-AA6F-4335-A418-2ED730A9C1D3}.Release|Any CPU.Build.0 = Release|Any CPU
		{5763A624-4FEF-4CAC-91E2-AFA2D1097CF0}.Debug|Any CPU.ActiveCfg = Debug|Any CPU
		{5763A624-4FEF-4CAC-91E2-AFA2D1097CF0}.Debug|Any CPU.Build.0 = Debug|Any CPU
		{5763A624-4FEF-4CAC-91E2-AFA2D1097CF0}.Release|Any CPU.ActiveCfg = Release|Any CPU
		{5763A624-4FEF-4CAC-91E2-AFA2D1097CF0}.Release|Any CPU.Build.0 = Release|Any CPU
		{A4E077B3-34FD-47CF-B4D4-1A13B0D40E57}.Debug|Any CPU.ActiveCfg = Debug|Any CPU
		{A4E077B3-34FD-47CF-B4D4-1A13B0D40E57}.Debug|Any CPU.Build.0 = Debug|Any CPU
		{A4E077B3-34FD-47CF-B4D4-1A13B0D40E57}.Release|Any CPU.ActiveCfg = Release|Any CPU
		{A4E077B3-34FD-47CF-B4D4-1A13B0D40E57}.Release|Any CPU.Build.0 = Release|Any CPU
		{7C0D08CF-0E97-4A64-9E5B-68225FC91B42}.Debug|Any CPU.ActiveCfg = Debug|Any CPU
		{7C0D08CF-0E97-4A64-9E5B-68225FC91B42}.Debug|Any CPU.Build.0 = Debug|Any CPU
		{7C0D08CF-0E97-4A64-9E5B-68225FC91B42}.Release|Any CPU.ActiveCfg = Release|Any CPU
		{7C0D08CF-0E97-4A64-9E5B-68225FC91B42}.Release|Any CPU.Build.0 = Release|Any CPU
	EndGlobalSection
	GlobalSection(SolutionProperties) = preSolution
		HideSolutionNode = FALSE
	EndGlobalSection
	GlobalSection(ExtensibilityGlobals) = postSolution
		SolutionGuid = {64ECE18E-82BF-4012-BE8C-A1140DBF61BC}
	EndGlobalSection
EndGlobal
